
Microsoft Visual Studio Solution File, Format Version 12.00
# Visual Studio 15
VisualStudioVersion = 15.0.28010.2036
MinimumVisualStudioVersion = 10.0.40219.1
Project("{F184B08F-C81C-45F6-A57F-5ABD9991F28F}") = "AlfaStreetR8", "AlfaStreetR8\AlfaStreetR8.vbproj", "{B67F9551-6F3B-4A2C-9B39-17384592BA2E}"
EndProject
Global
	GlobalSection(SolutionConfigurationPlatforms) = preSolution
		Debug|Any CPU = Debug|Any CPU
		Release|Any CPU = Release|Any CPU
	EndGlobalSection
	GlobalSection(ProjectConfigurationPlatforms) = postSolution
		{B67F9551-6F3B-4A2C-9B39-17384592BA2E}.Debug|Any CPU.ActiveCfg = Debug|Any CPU
		{B67F9551-6F3B-4A2C-9B39-17384592BA2E}.Debug|Any CPU.Build.0 = Debug|Any CPU
		{B67F9551-6F3B-4A2C-9B39-17384592BA2E}.Release|Any CPU.ActiveCfg = Release|Any CPU
		{B67F9551-6F3B-4A2C-9B39-17384592BA2E}.Release|Any CPU.Build.0 = Release|Any CPU
	EndGlobalSection
	GlobalSection(SolutionProperties) = preSolution
		HideSolutionNode = FALSE
	EndGlobalSection
	GlobalSection(ExtensibilityGlobals) = postSolution
		SolutionGuid = {0BC58773-8D94-4A0C-A19D-F68A05B58700}
	EndGlobalSection
EndGlobal
